PODS:
  - CocoaNavigationController (0.1.1)

DEPENDENCIES:
  - CocoaNavigationController (from `../`)

EXTERNAL SOURCES:
  CocoaNavigationController:
    :path: "../"

SPEC CHECKSUMS:
  CocoaNavigationController: a33feee1221d72a74a1645d20edbca6e37a0ab79

PODFILE CHECKSUM: 40f11e51da9bbcd669112a75fda0f79f78d59595

COCOAPODS: 1.6.1
